lockfileVersion: '6.0'

settings:
  autoInstallPeers: true
  excludeLinksFromLockfile: false

dependencies:
  '@tailwindcss/postcss':
    specifier: 4.0.0-alpha.4
    version: 4.0.0-alpha.4(postcss@8.4.35)
  tailwindcss:
    specifier: 4.0.0-alpha.4
    version: 4.0.0-alpha.4

packages:

  /@tailwindcss/oxide-darwin-arm64@4.0.0-alpha.4:
    resolution: {integrity: sha512-ASSO9m6nQfYYLg7KKesi8mixyGrFYxt8EMLquTPgOY4prKa0HoUP3nqpDZZqfAAwqkJ/dtiMwJKzZdPL8F3EWg==}
    engines: {node: '>= 10'}
    cpu: [arm64]
    os: [darwin]
    requiresBuild: true
    dev: false
    optional: true

  /@tailwindcss/oxide-darwin-x64@4.0.0-alpha.4:
    resolution: {integrity: sha512-QcyQJIBFlZSC70K/xy9lEBQY4GPXa9p9o25jzI2vSnmvIgQWzzUi5Z+ce2Sx0VgWlV6Hjy4VXTz+ALlo9dT3qA==}
    engines: {node: '>= 10'}
    cpu: [x64]
    os: [darwin]
    requiresBuild: true
    dev: false
    optional: true

  /@tailwindcss/oxide-freebsd-x64@4.0.0-alpha.4:
    resolution: {integrity: sha512-wBCIwzz6pa9Sq2caimanW59dYxlKg87lm4/hOcvKxoTrUJeMFauq9wo0+Hc608UbmMpsLEp5nYTK4ISZVsVVkQ==}
    engines: {node: '>= 10'}
    cpu: [x64]
    os: [freebsd]
    requiresBuild: true
    dev: false
    optional: true

  /@tailwindcss/oxide-linux-arm-gnueabihf@4.0.0-alpha.4:
    resolution: {integrity: sha512-RKk4kUlXt7FE4u2bKk4wFceKFf3cK40yk+yXhpbFZ26BkKCCTbrBnptd6Dh0Vw95r2vxw+BxgmkN2almBF961Q==}
    engines: {node: '>= 10'}
    cpu: [arm]
    os: [linux]
    requiresBuild: true
    dev: false
    optional: true

  /@tailwindcss/oxide-linux-arm64-gnu@4.0.0-alpha.4:
    resolution: {integrity: sha512-cI9SCRXvLdBANHUeG3OJQvO8WrhAsNy/6b9bwotmk/ueytOHbb73/xdYbzWyPMaPc9XWpWF6gPFrsNUm7wpdZQ==}
    engines: {node: '>= 10'}
    cpu: [arm64]
    os: [linux]
    requiresBuild: true
    dev: false
    optional: true

  /@tailwindcss/oxide-linux-arm64-musl@4.0.0-alpha.4:
    resolution: {integrity: sha512-zFn+I1hosDd2IA+007vyR4WWFAe0Zd5+C3p2nY5kSodZT5xu/A2uF+/E/pHzxGaX2XwS/sPdfguB8NcWtV8bLA==}
    engines: {node: '>= 10'}
    cpu: [arm64]
    os: [linux]
    requiresBuild: true
    dev: false
    optional: true

  /@tailwindcss/oxide-linux-x64-gnu@4.0.0-alpha.4:
    resolution: {integrity: sha512-xjsDFamcUpbM8Qcm7rLxQY6HY48NznL1sx1Kf7YBS1CEZOQde0x0SiOSdbow5YFgFjAcXRAiNOfRL7bzSmLxSg==}
    engines: {node: '>= 10'}
    cpu: [x64]
    os: [linux]
    requiresBuild: true
    dev: false
    optional: true

  /@tailwindcss/oxide-linux-x64-musl@4.0.0-alpha.4:
    resolution: {integrity: sha512-bS4jU4Zno3U59nH/2N7gdbuWq7vyGYH37XYsePo6XLSKs6uGJc3xGQhOYQZCcRlkXU0xblSRQUgOMzqGHDNtng==}
    engines: {node: '>= 10'}
    cpu: [x64]
    os: [linux]
    requiresBuild: true
    dev: false
    optional: true

  /@tailwindcss/oxide-win32-x64-msvc@4.0.0-alpha.4:
    resolution: {integrity: sha512-qnKnosTHhhKvmFnt9DSI8ZUuIuF8q2Ok348UE7uAUc4/tjQCkBNNGeQBV4Jx598ppSovpZb0pXQO8PHFfY67vg==}
    engines: {node: '>= 10'}
    cpu: [x64]
    os: [win32]
    requiresBuild: true
    dev: false
    optional: true

  /@tailwindcss/oxide@4.0.0-alpha.4:
    resolution: {integrity: sha512-xQpiQ/wKz6Nmmu0MhthhVvbwqy37Wk8/tgNgJmp9M2WvnpscMHdq6wgYOiEeTZ1D2uwD3PJEe2TgXUoy3HlWRw==}
    engines: {node: '>= 10'}
    optionalDependencies:
      '@tailwindcss/oxide-darwin-arm64': 4.0.0-alpha.4
      '@tailwindcss/oxide-darwin-x64': 4.0.0-alpha.4
      '@tailwindcss/oxide-freebsd-x64': 4.0.0-alpha.4
      '@tailwindcss/oxide-linux-arm-gnueabihf': 4.0.0-alpha.4
      '@tailwindcss/oxide-linux-arm64-gnu': 4.0.0-alpha.4
      '@tailwindcss/oxide-linux-arm64-musl': 4.0.0-alpha.4
      '@tailwindcss/oxide-linux-x64-gnu': 4.0.0-alpha.4
      '@tailwindcss/oxide-linux-x64-musl': 4.0.0-alpha.4
      '@tailwindcss/oxide-win32-x64-msvc': 4.0.0-alpha.4
    dev: false

  /@tailwindcss/postcss@4.0.0-alpha.4(postcss@8.4.35):
    resolution: {integrity: sha512-g1Wp3z3stOJtWvYFQAgUow8948e37AgYZ8qdbWAWAnFGuShYjhWaOJ4CofcUQNhslCqcDnTaqbFocrJqwpstNw==}
    dependencies:
      '@tailwindcss/oxide': 4.0.0-alpha.4
      postcss-import: 16.0.1(postcss@8.4.35)
      tailwindcss: 4.0.0-alpha.4
    transitivePeerDependencies:
      - postcss
    dev: false

  /detect-libc@1.0.3:
    resolution: {integrity: sha512-pGjwhsmsp4kL2RTz08wcOlGN83otlqHeD/Z5T8GXZB+/YcpQ/dgo+lbU8ZsGxV0HIvqqxo9l7mqYwyYMD9bKDg==}
    engines: {node: '>=0.10'}
    hasBin: true
    dev: false

  /function-bind@1.1.2:
    resolution: {integrity: sha512-7XHNxH7qX9xG5mIwxkhumTox/MIRNcOgDrxWsMt2pAr23WHp6MrRlN7FBSFpCpr+oVO0F744iUgR82nJMfG2SA==}
    dev: false

  /hasown@2.0.1:
    resolution: {integrity: sha512-1/th4MHjnwncwXsIW6QMzlvYL9kG5e/CpVvLRZe4XPa8TOUNbCELqmvhDmnkNsAjwaG4+I8gJJL0JBvTTLO9qA==}
    engines: {node: '>= 0.4'}
    dependencies:
      function-bind: 1.1.2
    dev: false

  /is-core-module@2.13.1:
    resolution: {integrity: sha512-hHrIjvZsftOsvKSn2TRYl63zvxsgE0K+0mYMoH6gD4omR5IWB2KynivBQczo3+wF1cCkjzvptnI9Q0sPU66ilw==}
    dependencies:
      hasown: 2.0.1
    dev: false

  /lightningcss-darwin-arm64@1.24.0:
    resolution: {integrity: sha512-rTNPkEiynOu4CfGdd5ZfVOQe2gd2idfQd4EfX1l2ZUUwd+2SwSdbb7cG4rlwfnZckbzCAygm85xkpekRE5/wFw==}
    engines: {node: '>= 12.0.0'}
    cpu: [arm64]
    os: [darwin]
    requiresBuild: true
    dev: false
    optional: true

  /lightningcss-darwin-x64@1.24.0:
    resolution: {integrity: sha512-4KCeF2RJjzp9xdGY8zIH68CUtptEg8uz8PfkHvsIdrP4t9t5CIgfDBhiB8AmuO75N6SofdmZexDZIKdy9vA7Ww==}
    engines: {node: '>= 12.0.0'}
    cpu: [x64]
    os: [darwin]
    requiresBuild: true
    dev: false
    optional: true

  /lightningcss-freebsd-x64@1.24.0:
    resolution: {integrity: sha512-FJAYlek1wXuVTsncNU0C6YD41q126dXcIUm97KAccMn9C4s/JfLSqGWT2gIzAblavPFkyGG2gIADTWp3uWfN1g==}
    engines: {node: '>= 12.0.0'}
    cpu: [x64]
    os: [freebsd]
    requiresBuild: true
    dev: false
    optional: true

  /lightningcss-linux-arm-gnueabihf@1.24.0:
    resolution: {integrity: sha512-N55K6JqzMx7C0hYUu1YmWqhkHwzEJlkQRMA6phY65noO0I1LOAvP4wBIoFWrzRE+O6zL0RmXJ2xppqyTbk3sYw==}
    engines: {node: '>= 12.0.0'}
    cpu: [arm]
    os: [linux]
    requiresBuild: true
    dev: false
    optional: true

  /lightningcss-linux-arm64-gnu@1.24.0:
    resolution: {integrity: sha512-MqqUB2TpYtFWeBvvf5KExDdClU3YGLW5bHKs50uKKootcvG9KoS7wYwd5UichS+W3mYLc5yXUPGD1DNWbLiYKw==}
    engines: {node: '>= 12.0.0'}
    cpu: [arm64]
    os: [linux]
    requiresBuild: true
    dev: false
    optional: true

  /lightningcss-linux-arm64-musl@1.24.0:
    resolution: {integrity: sha512-5wn4d9tFwa5bS1ao9mLexYVJdh3nn09HNIipsII6ZF7z9ZA5J4dOEhMgKoeCl891axTGTUYd8Kxn+Hn3XUSYRQ==}
    engines: {node: '>= 12.0.0'}
    cpu: [arm64]
    os: [linux]
    requiresBuild: true
    dev: false
    optional: true

  /lightningcss-linux-x64-gnu@1.24.0:
    resolution: {integrity: sha512-3j5MdTh+LSDF3o6uDwRjRUgw4J+IfDCVtdkUrJvKxL79qBLUujXY7CTe5X3IQDDLKEe/3wu49r8JKgxr0MfjbQ==}
    engines: {node: '>= 12.0.0'}
    cpu: [x64]
    os: [linux]
    requiresBuild: true
    dev: false
    optional: true

  /lightningcss-linux-x64-musl@1.24.0:
    resolution: {integrity: sha512-HI+rNnvaLz0o36z6Ki0gyG5igVGrJmzczxA5fznr6eFTj3cHORoR/j2q8ivMzNFR4UKJDkTWUH5LMhacwOHWBA==}
    engines: {node: '>= 12.0.0'}
    cpu: [x64]
    os: [linux]
    requiresBuild: true
    dev: false
    optional: true

  /lightningcss-win32-x64-msvc@1.24.0:
    resolution: {integrity: sha512-oeije/t7OZ5N9vSs6amyW/34wIYoBCpE6HUlsSKcP2SR1CVgx9oKEM00GtQmtqNnYiMIfsSm7+ppMb4NLtD5vg==}
    engines: {node: '>= 12.0.0'}
    cpu: [x64]
    os: [win32]
    requiresBuild: true
    dev: false
    optional: true

  /lightningcss@1.24.0:
    resolution: {integrity: sha512-y36QEEDVx4IM7/yIZNsZJMRREIu26WzTsauIysf5s76YeCmlSbRZS7aC97IGPuoFRnyZ5Wx43OBsQBFB5Ne7ng==}
    engines: {node: '>= 12.0.0'}
    dependencies:
      detect-libc: 1.0.3
    optionalDependencies:
      lightningcss-darwin-arm64: 1.24.0
      lightningcss-darwin-x64: 1.24.0
      lightningcss-freebsd-x64: 1.24.0
      lightningcss-linux-arm-gnueabihf: 1.24.0
      lightningcss-linux-arm64-gnu: 1.24.0
      lightningcss-linux-arm64-musl: 1.24.0
      lightningcss-linux-x64-gnu: 1.24.0
      lightningcss-linux-x64-musl: 1.24.0
      lightningcss-win32-x64-msvc: 1.24.0
    dev: false

  /nanoid@3.3.7:
    resolution: {integrity: sha512-eSRppjcPIatRIMC1U6UngP8XFcz8MQWGQdt1MTBQ7NaAmvXDfvNxbvWV3x2y6CdEUciCSsDHDQZbhYaB8QEo2g==}
    engines: {node: ^10 || ^12 || ^13.7 || ^14 || >=15.0.1}
    hasBin: true
    dev: false

  /path-parse@1.0.7:
    resolution: {integrity: sha512-LDJzPVEEEPR+y48z93A0Ed0yXb8pAByGWo/k5YYdYgpY2/2EsOsksJrq7lOHxryrVOn1ejG6oAp8ahvOIQD8sw==}
    dev: false

  /picocolors@1.0.0:
    resolution: {integrity: sha512-1fygroTLlHu66zi26VoTDv8yRgm0Fccecssto+MhsZ0D/DGW2sm8E8AjW7NU5VVTRt5GxbeZ5qBuJr+HyLYkjQ==}
    dev: false

  /pify@2.3.0:
    resolution: {integrity: sha512-udgsAY+fTnvv7kI7aaxbqwWNb0AHiB0qBO89PZKPkoTmGOgdbrHDKD+0B2X4uTfJ/FT1R09r9gTsjUjNJotuog==}
    engines: {node: '>=0.10.0'}
    dev: false

  /postcss-import@16.0.1(postcss@8.4.35):
    resolution: {integrity: sha512-i2Pci0310NaLHr/5JUFSw1j/8hf1CzwMY13g6ZDxgOavmRHQi2ba3PmUHoihO+sjaum+KmCNzskNsw7JDrg03g==}
    engines: {node: '>=18.0.0'}
    peerDependencies:
      postcss: ^8.0.0
    dependencies:
      postcss: 8.4.35
      postcss-value-parser: 4.2.0
      read-cache: 1.0.0
      resolve: 1.22.8
    dev: false

  /postcss-value-parser@4.2.0:
    resolution: {integrity: sha512-1NNCs6uurfkVbeXG4S8JFT9t19m45ICnif8zWLd5oPSZ50QnwMfK+H3jv408d4jw/7Bttv5axS5IiHoLaVNHeQ==}
    dev: false

  /postcss@8.4.35:
    resolution: {integrity: sha512-u5U8qYpBCpN13BsiEB0CbR1Hhh4Gc0zLFuedrHJKMctHCHAGrMdG0PRM/KErzAL3CU6/eckEtmHNB3x6e3c0vA==}
    engines: {node: ^10 || ^12 || >=14}
    dependencies:
      nanoid: 3.3.7
      picocolors: 1.0.0
      source-map-js: 1.0.2
    dev: false

  /read-cache@1.0.0:
    resolution: {integrity: sha512-Owdv/Ft7IjOgm/i0xvNDZ1LrRANRfew4b2prF3OWMQLxLfu3bS8FVhCsrSCMK4lR56Y9ya+AThoTpDCTxCmpRA==}
    dependencies:
      pify: 2.3.0
    dev: false

  /resolve@1.22.8:
    resolution: {integrity: sha512-oKWePCxqpd6FlLvGV1VU0x7bkPmmCNolxzjMf4NczoDnQcIWrAF+cPtZn5i6n+RfD2d9i0tzpKnG6Yk168yIyw==}
    hasBin: true
    dependencies:
      is-core-module: 2.13.1
      path-parse: 1.0.7
      supports-preserve-symlinks-flag: 1.0.0
    dev: false

  /source-map-js@1.0.2:
    resolution: {integrity: sha512-R0XvVJ9WusLiqTCEiGCmICCMplcCkIwwR11mOSD9CR5u+IXYdiseeEuXCVAjS54zqwkLcPNnmU4OeJ6tUrWhDw==}
    engines: {node: '>=0.10.0'}
    dev: false

  /supports-preserve-symlinks-flag@1.0.0:
    resolution: {integrity: sha512-ot0WnXS9fgdkgIcePe6RHNk1WA8+muPa6cSjeR3V8K27q9BB1rTE3R1p7Hv0z1ZyAc8s6Vvv8DIyWf681MAt0w==}
    engines: {node: '>= 0.4'}
    dev: false

  /tailwindcss@4.0.0-alpha.4:
    resolution: {integrity: sha512-PHZsWdZaBfpQ7v6fJ4142ARB9pHPkKMo3sD8gW/FRiBs7Hl6cv0oo8y1BDsIKiJo66BrPU+WZNYhlcB3rRNnZw==}
    dependencies:
      lightningcss: 1.24.0
    dev: false
